
Microsoft Visual Studio Solution File, Format Version 12.00
# Visual Studio 14
VisualStudioVersion = 14.0.24720.0
MinimumVisualStudioVersion = 10.0.40219.1
Project("{2150E333-8FDC-42A3-9474-1A3956D46DE8}") = "src", "src", "{FD784547-70CE-481A-9B59-47BBE62D91BF}"
EndProject
Project("{2150E333-8FDC-42A3-9474-1A3956D46DE8}") = "Solution Items", "Solution Items", "{570E80BB-9CC8-4367-A4AD-56E3784440EF}"
	ProjectSection(SolutionItems) = preProject
		global.json = global.json
	EndProjectSection
EndProject
Project("{8BB2217D-0F2D-49D1-97BC-3654ED321F3B}") = "IEIndex", "src\IEIndex\IEIndex.xproj", "{D9E2BE3A-C453-40DF-B2FB-76841C86FFE7}"
EndProject
Global
	GlobalSection(SolutionConfigurationPlatforms) = preSolution
		Debug|Any CPU = Debug|Any CPU
		Release|Any CPU = Release|Any CPU
	EndGlobalSection
	GlobalSection(ProjectConfigurationPlatforms) = postSolution
		{D9E2BE3A-C453-40DF-B2FB-76841C86FFE7}.Debug|Any CPU.ActiveCfg = Debug|Any CPU
		{D9E2BE3A-C453-40DF-B2FB-76841C86FFE7}.Debug|Any CPU.Build.0 = Debug|Any CPU
		{D9E2BE3A-C453-40DF-B2FB-76841C86FFE7}.Release|Any CPU.ActiveCfg = Release|Any CPU
		{D9E2BE3A-C453-40DF-B2FB-76841C86FFE7}.Release|Any CPU.Build.0 = Release|Any CPU
	EndGlobalSection
	GlobalSection(SolutionProperties) = preSolution
		HideSolutionNode = FALSE
	EndGlobalSection
	GlobalSection(NestedProjects) = preSolution
		{D9E2BE3A-C453-40DF-B2FB-76841C86FFE7} = {FD784547-70CE-481A-9B59-47BBE62D91BF}
	EndGlobalSection
EndGlobal
